
Microsoft Visual Studio Solution File, Format Version 12.00
# Visual Studio Version 17
VisualStudioVersion = 17.3.32922.545
MinimumVisualStudioVersion = 10.0.40219.1
Project("{FAE04EC0-301F-11D3-BF4B-00C04F79EFBC}") = "Web", "Web\Web.csproj", "{1DC7C25D-5D0F-4048-85F8-AD4B886F1677}"
EndProject
Project("{FAE04EC0-301F-11D3-BF4B-00C04F79EFBC}") = "ClassLibrary", "ClassLibrary\ClassLibrary.csproj", "{173C3533-3BA1-437A-92A2-DC0258B7AAA2}"
EndProject
Global
	GlobalSection(SolutionConfigurationPlatforms) = preSolution
		Debug|Any CPU = Debug|Any CPU
		Release|Any CPU = Release|Any CPU
	EndGlobalSection
	GlobalSection(ProjectConfigurationPlatforms) = postSolution
		{1DC7C25D-5D0F-4048-85F8-AD4B886F1677}.Debug|Any CPU.ActiveCfg = Debug|Any CPU
		{1DC7C25D-5D0F-4048-85F8-AD4B886F1677}.Debug|Any CPU.Build.0 = Debug|Any CPU
		{1DC7C25D-5D0F-4048-85F8-AD4B886F1677}.Release|Any CPU.ActiveCfg = Release|Any CPU
		{1DC7C25D-5D0F-4048-85F8-AD4B886F1677}.Release|Any CPU.Build.0 = Release|Any CPU
		{173C3533-3BA1-437A-92A2-DC0258B7AAA2}.Debug|Any CPU.ActiveCfg = Debug|Any CPU
		{173C3533-3BA1-437A-92A2-DC0258B7AAA2}.Debug|Any CPU.Build.0 = Debug|Any CPU
		{173C3533-3BA1-437A-92A2-DC0258B7AAA2}.Release|Any CPU.ActiveCfg = Release|Any CPU
		{173C3533-3BA1-437A-92A2-DC0258B7AAA2}.Release|Any CPU.Build.0 = Release|Any CPU
	EndGlobalSection
	GlobalSection(SolutionProperties) = preSolution
		HideSolutionNode = FALSE
	EndGlobalSection
	GlobalSection(ExtensibilityGlobals) = postSolution
		SolutionGuid = {A6E6F72D-B15B-4FC4-9E4D-4FA738BB04A9}
	EndGlobalSection
EndGlobal
