
Microsoft Visual Studio Solution File, Format Version 12.00
# Visual Studio Version 17
VisualStudioVersion = 17.3.32922.545
MinimumVisualStudioVersion = 10.0.40219.1
Project("{9A19103F-16F7-4668-BE54-9A1E7A4F7556}") = "InsuranceLib", "InsuranceLib\InsuranceLib.csproj", "{B6BEF72D-6D01-4EDF-8EFB-719D5067B7FF}"
EndProject
Project("{FAE04EC0-301F-11D3-BF4B-00C04F79EFBC}") = "InsuranceApp", "InsuranceApp\InsuranceApp.csproj", "{8650D861-42C2-4629-9D66-FFBEA7E32A74}"
EndProject
Global
	GlobalSection(SolutionConfigurationPlatforms) = preSolution
		Debug|Any CPU = Debug|Any CPU
		Release|Any CPU = Release|Any CPU
	EndGlobalSection
	GlobalSection(ProjectConfigurationPlatforms) = postSolution
		{B6BEF72D-6D01-4EDF-8EFB-719D5067B7FF}.Debug|Any CPU.ActiveCfg = Debug|Any CPU
		{B6BEF72D-6D01-4EDF-8EFB-719D5067B7FF}.Debug|Any CPU.Build.0 = Debug|Any CPU
		{B6BEF72D-6D01-4EDF-8EFB-719D5067B7FF}.Release|Any CPU.ActiveCfg = Release|Any CPU
		{B6BEF72D-6D01-4EDF-8EFB-719D5067B7FF}.Release|Any CPU.Build.0 = Release|Any CPU
		{8650D861-42C2-4629-9D66-FFBEA7E32A74}.Debug|Any CPU.ActiveCfg = Debug|Any CPU
		{8650D861-42C2-4629-9D66-FFBEA7E32A74}.Debug|Any CPU.Build.0 = Debug|Any CPU
		{8650D861-42C2-4629-9D66-FFBEA7E32A74}.Release|Any CPU.ActiveCfg = Release|Any CPU
		{8650D861-42C2-4629-9D66-FFBEA7E32A74}.Release|Any CPU.Build.0 = Release|Any CPU
	EndGlobalSection
	GlobalSection(SolutionProperties) = preSolution
		HideSolutionNode = FALSE
	EndGlobalSection
	GlobalSection(ExtensibilityGlobals) = postSolution
		SolutionGuid = {A0ECD07A-E80E-469E-A053-D5F589706AB6}
	EndGlobalSection
EndGlobal
